// !$*UTF8*$!
{
	archiveVersion = 1;
	classes = {
	};
	objectVersion = 55;
	objects = {

/* Begin PBXBuildFile section */
		FFD8F0932864943700296F6B /* AppDelegate.swift in Sources */ = {isa = PBXBuildFile; fileRef = FFD8F0922864943700296F6B /* AppDelegate.swift */; };
		FFD8F0952864943700296F6B /* SceneDelegate.swift in Sources */ = {isa = PBXBuildFile; fileRef = FFD8F0942864943700296F6B /* SceneDelegate.swift */; };
		FFD8F09A2864943700296F6B /* Main.storyboard in Resources */ = {isa = PBXBuildFile; fileRef = FFD8F0982864943700296F6B /* Main.storyboard */; };
		FFD8F09C2864943800296F6B /* Assets.xcassets in Resources */ = {isa = PBXBuildFile; fileRef = FFD8F09B2864943800296F6B /* Assets.xcassets */; };
		FFD8F09F2864943800296F6B /* LaunchScreen.storyboard in Resources */ = {isa = PBXBuildFile; fileRef = FFD8F09D2864943800296F6B /* LaunchScreen.storyboard */; };
		FFD8F0AA2864943800296F6B /* SymbolRollerTests.swift in Sources */ = {isa = PBXBuildFile; fileRef = FFD8F0A92864943800296F6B /* SymbolRollerTests.swift */; };
		FFD8F0B42864943800296F6B /* SymbolRollerUITests.swift in Sources */ = {isa = PBXBuildFile; fileRef = FFD8F0B32864943800296F6B /* SymbolRollerUITests.swift */; };
		FFD8F0B62864943800296F6B /* SymbolRollerUITestsLaunchTests.swift in Sources */ = {isa = PBXBuildFile; fileRef = FFD8F0B52864943800296F6B /* SymbolRollerUITestsLaunchTests.swift */; };
		FFD8F0C32864976300296F6B /* SymbolRollerViewController.swift in Sources */ = {isa = PBXBuildFile; fileRef = FFD8F0C22864976300296F6B /* SymbolRollerViewController.swift */; };
/* End PBXBuildFile section */

/* Begin PBXContainerItemProxy section */
		FFD8F0A62864943800296F6B /* PBXContainerItemProxy */ = {
			isa = PBXContainerItemProxy;
			containerPortal = FFD8F0872864943700296F6B /* Project object */;
			proxyType = 1;
			remoteGlobalIDString = FFD8F08E2864943700296F6B;
			remoteInfo = SymbolRoller;
		};
		FFD8F0B02864943800296F6B /* PBXContainerItemProxy */ = {
			isa = PBXContainerItemProxy;
			containerPortal = FFD8F0872864943700296F6B /* Project object */;
			proxyType = 1;
			remoteGlobalIDString = FFD8F08E2864943700296F6B;
			remoteInfo = SymbolRoller;
		};
/* End PBXContainerItemProxy section */

/* Begin PBXFileReference section */
		FFD8F08F2864943700296F6B /* SymbolRoller.app */ = {isa = PBXFileReference; explicitFileType = wrapper.application; includeInIndex = 0; path = SymbolRoller.app; sourceTree = BUILT_PRODUCTS_DIR; };
		FFD8F0922864943700296F6B /* AppDelegate.swift */ = {isa = PBXFileReference; lastKnownFileType = sourcecode.swift; path = AppDelegate.swift; sourceTree = "<group>"; };
		FFD8F0942864943700296F6B /* SceneDelegate.swift */ = {isa = PBXFileReference; lastKnownFileType = sourcecode.swift; path = SceneDelegate.swift; sourceTree = "<group>"; };
		FFD8F0992864943700296F6B /* Base */ = {isa = PBXFileReference; lastKnownFileType = file.storyboard; name = Base; path = Base.lproj/Main.storyboard; sourceTree = "<group>"; };
		FFD8F09B2864943800296F6B /* Assets.xcassets */ = {isa = PBXFileReference; lastKnownFileType = folder.assetcatalog; path = Assets.xcassets; sourceTree = "<group>"; };
		FFD8F09E2864943800296F6B /* Base */ = {isa = PBXFileReference; lastKnownFileType = file.storyboard; name = Base; path = Base.lproj/LaunchScreen.storyboard; sourceTree = "<group>"; };
		FFD8F0A02864943800296F6B /* Info.plist */ = {isa = PBXFileReference; lastKnownFileType = text.plist.xml; path = Info.plist; sourceTree = "<group>"; };
		FFD8F0A52864943800296F6B /* SymbolRollerTests.xctest */ = {isa = PBXFileReference; explicitFileType = wrapper.cfbundle; includeInIndex = 0; path = SymbolRollerTests.xctest; sourceTree = BUILT_PRODUCTS_DIR; };
		FFD8F0A92864943800296F6B /* SymbolRollerTests.swift */ = {isa = PBXFileReference; lastKnownFileType = sourcecode.swift; path = SymbolRollerTests.swift; sourceTree = "<group>"; };
		FFD8F0AF2864943800296F6B /* SymbolRollerUITests.xctest */ = {isa = PBXFileReference; explicitFileType = wrapper.cfbundle; includeInIndex = 0; path = SymbolRollerUITests.xctest; sourceTree = BUILT_PRODUCTS_DIR; };
		FFD8F0B32864943800296F6B /* SymbolRollerUITests.swift */ = {isa = PBXFileReference; lastKnownFileType = sourcecode.swift; path = SymbolRollerUITests.swift; sourceTree = "<group>"; };
		FFD8F0B52864943800296F6B /* SymbolRollerUITestsLaunchTests.swift */ = {isa = PBXFileReference; lastKnownFileType = sourcecode.swift; path = SymbolRollerUITestsLaunchTests.swift; sourceTree = "<group>"; };
		FFD8F0C22864976300296F6B /* SymbolRollerViewController.swift */ = {isa = PBXFileReference; lastKnownFileType = sourcecode.swift; path = SymbolRollerViewController.swift; sourceTree = "<group>"; };
/* End PBXFileReference section */

/* Begin PBXFrameworksBuildPhase section */
		FFD8F08C2864943700296F6B /* Frameworks */ = {
			isa = PBXFrameworksBuildPhase;
			buildActionMask = 2147483647;
			files = (
			);
			runOnlyForDeploymentPostprocessing = 0;
		};
		FFD8F0A22864943800296F6B /* Frameworks */ = {
			isa = PBXFrameworksBuildPhase;
			buildActionMask = 2147483647;
			files = (
			);
			runOnlyForDeploymentPostprocessing = 0;
		};
		FFD8F0AC2864943800296F6B /* Frameworks */ = {
			isa = PBXFrameworksBuildPhase;
			buildActionMask = 2147483647;
			files = (
			);
			runOnlyForDeploymentPostprocessing = 0;
		};
/* End PBXFrameworksBuildPhase section */

/* Begin PBXGroup section */
		FFD8F0862864943700296F6B = {
			isa = PBXGroup;
			children = (
				FFD8F0912864943700296F6B /* SymbolRoller */,
				FFD8F0A82864943800296F6B /* SymbolRollerTests */,
				FFD8F0B22864943800296F6B /* SymbolRollerUITests */,
				FFD8F0902864943700296F6B /* Products */,
			);
			sourceTree = "<group>";
		};
		FFD8F0902864943700296F6B /* Products */ = {
			isa = PBXGroup;
			children = (
				FFD8F08F2864943700296F6B /* SymbolRoller.app */,
				FFD8F0A52864943800296F6B /* SymbolRollerTests.xctest */,
				FFD8F0AF2864943800296F6B /* SymbolRollerUITests.xctest */,
			);
			name = Products;
			sourceTree = "<group>";
		};
		FFD8F0912864943700296F6B /* SymbolRoller */ = {
			isa = PBXGroup;
			children = (
				FFD8F0922864943700296F6B /* AppDelegate.swift */,
				FFD8F0942864943700296F6B /* SceneDelegate.swift */,
				FFD8F0982864943700296F6B /* Main.storyboard */,
				FFD8F0C22864976300296F6B /* SymbolRollerViewController.swift */,
				FFD8F09B2864943800296F6B /* Assets.xcassets */,
				FFD8F09D2864943800296F6B /* LaunchScreen.storyboard */,
				FFD8F0A02864943800296F6B /* Info.plist */,
			);
			path = SymbolRoller;
			sourceTree = "<group>";
		};
		FFD8F0A82864943800296F6B /* SymbolRollerTests */ = {
			isa = PBXGroup;
			children = (
				FFD8F0A92864943800296F6B /* SymbolRollerTests.swift */,
			);
			path = SymbolRollerTests;
			sourceTree = "<group>";
		};
		FFD8F0B22864943800296F6B /* SymbolRollerUITests */ = {
			isa = PBXGroup;
			children = (
				FFD8F0B32864943800296F6B /* SymbolRollerUITests.swift */,
				FFD8F0B52864943800296F6B /* SymbolRollerUITestsLaunchTests.swift */,
			);
			path = SymbolRollerUITests;
			sourceTree = "<group>";
		};
/* End PBXGroup section */

/* Begin PBXNativeTarget section */
		FFD8F08E2864943700296F6B /* SymbolRoller */ = {
			isa = PBXNativeTarget;
			buildConfigurationList = FFD8F0B92864943800296F6B /* Build configuration list for PBXNativeTarget "SymbolRoller" */;
			buildPhases = (
				FFD8F08B2864943700296F6B /* Sources */,
				FFD8F08C2864943700296F6B /* Frameworks */,
				FFD8F08D2864943700296F6B /* Resources */,
			);
			buildRules = (
			);
			dependencies = (
			);
			name = SymbolRoller;
			productName = SymbolRoller;
			productReference = FFD8F08F2864943700296F6B /* SymbolRoller.app */;
			productType = "com.apple.product-type.application";
		};
		FFD8F0A42864943800296F6B /* SymbolRollerTests */ = {
			isa = PBXNativeTarget;
			buildConfigurationList = FFD8F0BC2864943800296F6B /* Build configuration list for PBXNativeTarget "SymbolRollerTests" */;
			buildPhases = (
				FFD8F0A12864943800296F6B /* Sources */,
				FFD8F0A22864943800296F6B /* Frameworks */,
				FFD8F0A32864943800296F6B /* Resources */,
			);
			buildRules = (
			);
			dependencies = (
				FFD8F0A72864943800296F6B /* PBXTargetDependency */,
			);
			name = SymbolRollerTests;
			productName = SymbolRollerTests;
			productReference = FFD8F0A52864943800296F6B /* SymbolRollerTests.xctest */;
			productType = "com.apple.product-type.bundle.unit-test";
		};
		FFD8F0AE2864943800296F6B /* SymbolRollerUITests */ = {
			isa = PBXNativeTarget;
			buildConfigurationList = FFD8F0BF2864943800296F6B /* Build configuration list for PBXNativeTarget "SymbolRollerUITests" */;
			buildPhases = (
				FFD8F0AB2864943800296F6B /* Sources */,
				FFD8F0AC2864943800296F6B /* Frameworks */,
				FFD8F0AD2864943800296F6B /* Resources */,
			);
			buildRules = (
			);
			dependencies = (
				FFD8F0B12864943800296F6B /* PBXTargetDependency */,
			);
			name = SymbolRollerUITests;
			productName = SymbolRollerUITests;
			productReference = FFD8F0AF2864943800296F6B /* SymbolRollerUITests.xctest */;
			productType = "com.apple.product-type.bundle.ui-testing";
		};
/* End PBXNativeTarget section */

/* Begin PBXProject section */
		FFD8F0872864943700296F6B /* Project object */ = {
			isa = PBXProject;
			attributes = {
				BuildIndependentTargetsInParallel = 1;
				LastSwiftUpdateCheck = 1320;
				LastUpgradeCheck = 1320;
				TargetAttributes = {
					FFD8F08E2864943700296F6B = {
						CreatedOnToolsVersion = 13.2.1;
					};
					FFD8F0A42864943800296F6B = {
						CreatedOnToolsVersion = 13.2.1;
						TestTargetID = FFD8F08E2864943700296F6B;
					};
					FFD8F0AE2864943800296F6B = {
						CreatedOnToolsVersion = 13.2.1;
						TestTargetID = FFD8F08E2864943700296F6B;
					};
				};
			};
			buildConfigurationList = FFD8F08A2864943700296F6B /* Build configuration list for PBXProject "SymbolRoller" */;
			compatibilityVersion = "Xcode 13.0";
			developmentRegion = en;
			hasScannedForEncodings = 0;
			knownRegions = (
				en,
				Base,
			);
			mainGroup = FFD8F0862864943700296F6B;
			productRefGroup = FFD8F0902864943700296F6B /* Products */;
			projectDirPath = "";
			projectRoot = "";
			targets = (
				FFD8F08E2864943700296F6B /* SymbolRoller */,
				FFD8F0A42864943800296F6B /* SymbolRollerTests */,
				FFD8F0AE2864943800296F6B /* SymbolRollerUITests */,
			);
		};
/* End PBXProject section */

/* Begin PBXResourcesBuildPhase section */
		FFD8F08D2864943700296F6B /* Resources */ = {
			isa = PBXResourcesBuildPhase;
			buildActionMask = 2147483647;
			files = (
				FFD8F09F2864943800296F6B /* LaunchScreen.storyboard in Resources */,
				FFD8F09C2864943800296F6B /* Assets.xcassets in Resources */,
				FFD8F09A2864943700296F6B /* Main.storyboard in Resources */,
			);
			runOnlyForDeploymentPostprocessing = 0;
		};
		FFD8F0A32864943800296F6B /* Resources */ = {
			isa = PBXResourcesBuildPhase;
			buildActionMask = 2147483647;
			files = (
			);
			runOnlyForDeploymentPostprocessing = 0;
		};
		FFD8F0AD2864943800296F6B /* Resources */ = {
			isa = PBXResourcesBuildPhase;
			buildActionMask = 2147483647;
			files = (
			);
			runOnlyForDeploymentPostprocessing = 0;
		};
/* End PBXResourcesBuildPhase section */

/* Begin PBXSourcesBuildPhase section */
		FFD8F08B2864943700296F6B /* Sources */ = {
			isa = PBXSourcesBuildPhase;
			buildActionMask = 2147483647;
			files = (
				FFD8F0932864943700296F6B /* AppDelegate.swift in Sources */,
				FFD8F0952864943700296F6B /* SceneDelegate.swift in Sources */,
				FFD8F0C32864976300296F6B /* SymbolRollerViewController.swift in Sources */,
			);
			runOnlyForDeploymentPostprocessing = 0;
		};
		FFD8F0A12864943800296F6B /* Sources */ = {
			isa = PBXSourcesBuildPhase;
			buildActionMask = 2147483647;
			files = (
				FFD8F0AA2864943800296F6B /* SymbolRollerTests.swift in Sources */,
			);
			runOnlyForDeploymentPostprocessing = 0;
		};
		FFD8F0AB2864943800296F6B /* Sources */ = {
			isa = PBXSourcesBuildPhase;
			buildActionMask = 2147483647;
			files = (
				FFD8F0B62864943800296F6B /* SymbolRollerUITestsLaunchTests.swift in Sources */,
				FFD8F0B42864943800296F6B /* SymbolRollerUITests.swift in Sources */,
			);
			runOnlyForDeploymentPostprocessing = 0;
		};
/* End PBXSourcesBuildPhase section */

/* Begin PBXTargetDependency section */
		FFD8F0A72864943800296F6B /* PBXTargetDependency */ = {
			isa = PBXTargetDependency;
			target = FFD8F08E2864943700296F6B /* SymbolRoller */;
			targetProxy = FFD8F0A62864943800296F6B /* PBXContainerItemProxy */;
		};
		FFD8F0B12864943800296F6B /* PBXTargetDependency */ = {
			isa = PBXTargetDependency;
			target = FFD8F08E2864943700296F6B /* SymbolRoller */;
			targetProxy = FFD8F0B02864943800296F6B /* PBXContainerItemProxy */;
		};
/* End PBXTargetDependency section */

/* Begin PBXVariantGroup section */
		FFD8F0982864943700296F6B /* Main.storyboard */ = {
			isa = PBXVariantGroup;
			children = (
				FFD8F0992864943700296F6B /* Base */,
			);
			name = Main.storyboard;
			sourceTree = "<group>";
		};
		FFD8F09D2864943800296F6B /* LaunchScreen.storyboard */ = {
			isa = PBXVariantGroup;
			children = (
				FFD8F09E2864943800296F6B /* Base */,
			);
			name = LaunchScreen.storyboard;
			sourceTree = "<group>";
		};
/* End PBXVariantGroup section */

/* Begin XCBuildConfiguration section */
		FFD8F0B72864943800296F6B /* Debug */ = {
			isa = XCBuildConfiguration;
			buildSettings = {
				ALWAYS_SEARCH_USER_PATHS = NO;
				CLANG_ANALYZER_NONNULL = YES;
				CLANG_ANALYZER_NUMBER_OBJECT_CONVERSION = YES_AGGRESSIVE;
				CLANG_CXX_LANGUAGE_STANDARD = "gnu++17";
				CLANG_CXX_LIBRARY = "libc++";
				CLANG_ENABLE_MODULES = YES;
				CLANG_ENABLE_OBJC_ARC = YES;
				CLANG_ENABLE_OBJC_WEAK = YES;
				CLANG_WARN_BLOCK_CAPTURE_AUTORELEASING = YES;
				CLANG_WARN_BOOL_CONVERSION = YES;
				CLANG_WARN_COMMA = YES;
				CLANG_WARN_CONSTANT_CONVERSION = YES;
				CLANG_WARN_DEPRECATED_OBJC_IMPLEMENTATIONS = YES;
				CLANG_WARN_DIRECT_OBJC_ISA_USAGE = YES_ERROR;
				CLANG_WARN_DOCUMENTATION_COMMENTS = YES;
				CLANG_WARN_EMPTY_BODY = YES;
				CLANG_WARN_ENUM_CONVERSION = YES;
				CLANG_WARN_INFINITE_RECURSION = YES;
				CLANG_WARN_INT_CONVERSION = YES;
				CLANG_WARN_NON_LITERAL_NULL_CONVERSION = YES;
				CLANG_WARN_OBJC_IMPLICIT_RETAIN_SELF = YES;
				CLANG_WARN_OBJC_LITERAL_CONVERSION = YES;
				CLANG_WARN_OBJC_ROOT_CLASS = YES_ERROR;
				CLANG_WARN_QUOTED_INCLUDE_IN_FRAMEWORK_HEADER = YES;
				CLANG_WARN_RANGE_LOOP_ANALYSIS = YES;
				CLANG_WARN_STRICT_PROTOTYPES = YES;
				CLANG_WARN_SUSPICIOUS_MOVE = YES;
				CLANG_WARN_UNGUARDED_AVAILABILITY = YES_AGGRESSIVE;
				CLANG_WARN_UNREACHABLE_CODE = YES;
				CLANG_WARN__DUPLICATE_METHOD_MATCH = YES;
				COPY_PHASE_STRIP = NO;
				DEBUG_INFORMATION_FORMAT = dwarf;
				ENABLE_STRICT_OBJC_MSGSEND = YES;
				ENABLE_TESTABILITY = YES;
				GCC_C_LANGUAGE_STANDARD = gnu11;
				GCC_DYNAMIC_NO_PIC = NO;
				GCC_NO_COMMON_BLOCKS = YES;
				GCC_OPTIMIZATION_LEVEL = 0;
				GCC_PREPROCESSOR_DEFINITIONS = (
					"DEBUG=1",
					"$(inherited)",
				);
				GCC_WARN_64_TO_32_BIT_CONVERSION = YES;
				GCC_WARN_ABOUT_RETURN_TYPE = YES_ERROR;
				GCC_WARN_UNDECLARED_SELECTOR = YES;
				GCC_WARN_UNINITIALIZED_AUTOS = YES_AGGRESSIVE;
				GCC_WARN_UNUSED_FUNCTION = YES;
				GCC_WARN_UNUSED_VARIABLE = YES;
				IPHONEOS_DEPLOYMENT_TARGET = 15.2;
				MTL_ENABLE_DEBUG_INFO = INCLUDE_SOURCE;
				MTL_FAST_MATH = YES;
				ONLY_ACTIVE_ARCH = YES;
				SDKROOT = iphoneos;
				SWIFT_ACTIVE_COMPILATION_CONDITIONS = DEBUG;
				SWIFT_OPTIMIZATION_LEVEL = "-Onone";
			};
			name = Debug;
		};
		FFD8F0B82864943800296F6B /* Release */ = {
			isa = XCBuildConfiguration;
			buildSettings = {
				ALWAYS_SEARCH_USER_PATHS = NO;
				CLANG_ANALYZER_NONNULL = YES;
				CLANG_ANALYZER_NUMBER_OBJECT_CONVERSION = YES_AGGRESSIVE;
				CLANG_CXX_LANGUAGE_STANDARD = "gnu++17";
				CLANG_CXX_LIBRARY = "libc++";
				CLANG_ENABLE_MODULES = YES;
				CLANG_ENABLE_OBJC_ARC = YES;
				CLANG_ENABLE_OBJC_WEAK = YES;
				CLANG_WARN_BLOCK_CAPTURE_AUTORELEASING = YES;
				CLANG_WARN_BOOL_CONVERSION = YES;
				CLANG_WARN_COMMA = YES;
				CLANG_WARN_CONSTANT_CONVERSION = YES;
				CLANG_WARN_DEPRECATED_OBJC_IMPLEMENTATIONS = YES;
				CLANG_WARN_DIRECT_OBJC_ISA_USAGE = YES_ERROR;
				CLANG_WARN_DOCUMENTATION_COMMENTS = YES;
				CLANG_WARN_EMPTY_BODY = YES;
				CLANG_WARN_ENUM_CONVERSION = YES;
				CLANG_WARN_INFINITE_RECURSION = YES;
				CLANG_WARN_INT_CONVERSION = YES;
				CLANG_WARN_NON_LITERAL_NULL_CONVERSION = YES;
				CLANG_WARN_OBJC_IMPLICIT_RETAIN_SELF = YES;
				CLANG_WARN_OBJC_LITERAL_CONVERSION = YES;
				CLANG_WARN_OBJC_ROOT_CLASS = YES_ERROR;
				CLANG_WARN_QUOTED_INCLUDE_IN_FRAMEWORK_HEADER = YES;
				CLANG_WARN_RANGE_LOOP_ANALYSIS = YES;
				CLANG_WARN_STRICT_PROTOTYPES = YES;
				CLANG_WARN_SUSPICIOUS_MOVE = YES;
				CLANG_WARN_UNGUARDED_AVAILABILITY = YES_AGGRESSIVE;
				CLANG_WARN_UNREACHABLE_CODE = YES;
				CLANG_WARN__DUPLICATE_METHOD_MATCH = YES;
				COPY_PHASE_STRIP = NO;
				DEBUG_INFORMATION_FORMAT = "dwarf-with-dsym";
				ENABLE_NS_ASSERTIONS = NO;
				ENABLE_STRICT_OBJC_MSGSEND = YES;
				GCC_C_LANGUAGE_STANDARD = gnu11;
				GCC_NO_COMMON_BLOCKS = YES;
				GCC_WARN_64_TO_32_BIT_CONVERSION = YES;
				GCC_WARN_ABOUT_RETURN_TYPE = YES_ERROR;
				GCC_WARN_UNDECLARED_SELECTOR = YES;
				GCC_WARN_UNINITIALIZED_AUTOS = YES_AGGRESSIVE;
				GCC_WARN_UNUSED_FUNCTION = YES;
				GCC_WARN_UNUSED_VARIABLE = YES;
				IPHONEOS_DEPLOYMENT_TARGET = 15.2;
				MTL_ENABLE_DEBUG_INFO = NO;
				MTL_FAST_MATH = YES;
				SDKROOT = iphoneos;
				SWIFT_COMPILATION_MODE = wholemodule;
				SWIFT_OPTIMIZATION_LEVEL = "-O";
				VALIDATE_PRODUCT = YES;
			};
			name = Release;
		};
		FFD8F0BA2864943800296F6B /* Debug */ = {
			isa = XCBuildConfiguration;
			buildSettings = {
				ASSETCATALOG_COMPILER_APPICON_NAME = AppIcon;
				ASSETCATALOG_COMPILER_GLOBAL_ACCENT_COLOR_NAME = AccentColor;
				CODE_SIGN_STYLE = Automatic;
				CURRENT_PROJECT_VERSION = 1;
				DEVELOPMENT_TEAM = Z9L87M3LXH;
				GENERATE_INFOPLIST_FILE = YES;
				INFOPLIST_FILE = SymbolRoller/Info.plist;
				INFOPLIST_KEY_UIApplicationSupportsIndirectInputEvents = YES;
				INFOPLIST_KEY_UILaunchStoryboardName = LaunchScreen;
				INFOPLIST_KEY_UIMainStoryboardFile = Main;
				INFOPLIST_KEY_UISupportedInterfaceOrientations_iPad = "UIInterfaceOrientationPortrait UIInterfaceOrientationPortraitUpsideDown UIInterfaceOrientationLandscapeLeft UIInterfaceOrientationLandscapeRight";
				INFOPLIST_KEY_UISupportedInterfaceOrientations_iPhone = "UIInterfaceOrientationPortrait UIInterfaceOrientationLandscapeLeft UIInterfaceOrientationLandscapeRight";
				LD_RUNPATH_SEARCH_PATHS = (
					"$(inherited)",
					"@executable_path/Frameworks",
				);
				MARKETING_VERSION = 1.0;
				PRODUCT_BUNDLE_IDENTIFIER = com.devbbang.SymbolRoller;
				PRODUCT_NAME = "$(TARGET_NAME)";
				SWIFT_EMIT_LOC_STRINGS = YES;
				SWIFT_VERSION = 5.0;
				TARGETED_DEVICE_FAMILY = "1,2";
			};
			name = Debug;
		};
		FFD8F0BB2864943800296F6B /* Release */ = {
			isa = XCBuildConfiguration;
			buildSettings = {
				ASSETCATALOG_COMPILER_APPICON_NAME = AppIcon;
				ASSETCATALOG_COMPILER_GLOBAL_ACCENT_COLOR_NAME = AccentColor;
				CODE_SIGN_STYLE = Automatic;
				CURRENT_PROJECT_VERSION = 1;
				DEVELOPMENT_TEAM = Z9L87M3LXH;
				GENERATE_INFOPLIST_FILE = YES;
				INFOPLIST_FILE = SymbolRoller/Info.plist;
				INFOPLIST_KEY_UIApplicationSupportsIndirectInputEvents = YES;
				INFOPLIST_KEY_UILaunchStoryboardName = LaunchScreen;
				INFOPLIST_KEY_UIMainStoryboardFile = Main;
				INFOPLIST_KEY_UISupportedInterfaceOrientations_iPad = "UIInterfaceOrientationPortrait UIInterfaceOrientationPortraitUpsideDown UIInterfaceOrientationLandscapeLeft UIInterfaceOrientationLandscapeRight";
				INFOPLIST_KEY_UISupportedInterfaceOrientations_iPhone = "UIInterfaceOrientationPortrait UIInterfaceOrientationLandscapeLeft UIInterfaceOrientationLandscapeRight";
				LD_RUNPATH_SEARCH_PATHS = (
					"$(inherited)",
					"@executable_path/Frameworks",
				);
				MARKETING_VERSION = 1.0;
				PRODUCT_BUNDLE_IDENTIFIER = com.devbbang.SymbolRoller;
				PRODUCT_NAME = "$(TARGET_NAME)";
				SWIFT_EMIT_LOC_STRINGS = YES;
				SWIFT_VERSION = 5.0;
				TARGETED_DEVICE_FAMILY = "1,2";
			};
			name = Release;
		};
		FFD8F0BD2864943800296F6B /* Debug */ = {
			isa = XCBuildConfiguration;
			buildSettings = {
				ALWAYS_EMBED_SWIFT_STANDARD_LIBRARIES = YES;
				BUNDLE_LOADER = "$(TEST_HOST)";
				CODE_SIGN_STYLE = Automatic;
				CURRENT_PROJECT_VERSION = 1;
				DEVELOPMENT_TEAM = Z9L87M3LXH;
				GENERATE_INFOPLIST_FILE = YES;
				IPHONEOS_DEPLOYMENT_TARGET = 15.2;
				MARKETING_VERSION = 1.0;
				PRODUCT_BUNDLE_IDENTIFIER = com.devbbang.SymbolRollerTests;
				PRODUCT_NAME = "$(TARGET_NAME)";
				SWIFT_EMIT_LOC_STRINGS = NO;
				SWIFT_VERSION = 5.0;
				TARGETED_DEVICE_FAMILY = "1,2";
				TEST_HOST = "$(BUILT_PRODUCTS_DIR)/SymbolRoller.app/SymbolRoller";
			};
			name = Debug;
		};
		FFD8F0BE2864943800296F6B /* Release */ = {
			isa = XCBuildConfiguration;
			buildSettings = {
				ALWAYS_EMBED_SWIFT_STANDARD_LIBRARIES = YES;
				BUNDLE_LOADER = "$(TEST_HOST)";
				CODE_SIGN_STYLE = Automatic;
				CURRENT_PROJECT_VERSION = 1;
				DEVELOPMENT_TEAM = Z9L87M3LXH;
				GENERATE_INFOPLIST_FILE = YES;
				IPHONEOS_DEPLOYMENT_TARGET = 15.2;
				MARKETING_VERSION = 1.0;
				PRODUCT_BUNDLE_IDENTIFIER = com.devbbang.SymbolRollerTests;
				PRODUCT_NAME = "$(TARGET_NAME)";
				SWIFT_EMIT_LOC_STRINGS = NO;
				SWIFT_VERSION = 5.0;
				TARGETED_DEVICE_FAMILY = "1,2";
				TEST_HOST = "$(BUILT_PRODUCTS_DIR)/SymbolRoller.app/SymbolRoller";
			};
			name = Release;
		};
		FFD8F0C02864943800296F6B /* Debug */ = {
			isa = XCBuildConfiguration;
			buildSettings = {
				ALWAYS_EMBED_SWIFT_STANDARD_LIBRARIES = YES;
				CODE_SIGN_STYLE = Automatic;
				CURRENT_PROJECT_VERSION = 1;
				DEVELOPMENT_TEAM = Z9L87M3LXH;
				GENERATE_INFOPLIST_FILE = YES;
				MARKETING_VERSION = 1.0;
				PRODUCT_BUNDLE_IDENTIFIER = com.devbbang.SymbolRollerUITests;
				PRODUCT_NAME = "$(TARGET_NAME)";
				SWIFT_EMIT_LOC_STRINGS = NO;
				SWIFT_VERSION = 5.0;
				TARGETED_DEVICE_FAMILY = "1,2";
				TEST_TARGET_NAME = SymbolRoller;
			};
			name = Debug;
		};
		FFD8F0C12864943800296F6B /* Release */ = {
			isa = XCBuildConfiguration;
			buildSettings = {
				ALWAYS_EMBED_SWIFT_STANDARD_LIBRARIES = YES;
				CODE_SIGN_STYLE = Automatic;
				CURRENT_PROJECT_VERSION = 1;
				DEVELOPMENT_TEAM = Z9L87M3LXH;
				GENERATE_INFOPLIST_FILE = YES;
				MARKETING_VERSION = 1.0;
				PRODUCT_BUNDLE_IDENTIFIER = com.devbbang.SymbolRollerUITests;
				PRODUCT_NAME = "$(TARGET_NAME)";
				SWIFT_EMIT_LOC_STRINGS = NO;
				SWIFT_VERSION = 5.0;
				TARGETED_DEVICE_FAMILY = "1,2";
				TEST_TARGET_NAME = SymbolRoller;
			};
			name = Release;
		};
/* End XCBuildConfiguration section */

/* Begin XCConfigurationList section */
		FFD8F08A2864943700296F6B /* Build configuration list for PBXProject "SymbolRoller" */ = {
			isa = XCConfigurationList;
			buildConfigurations = (
				FFD8F0B72864943800296F6B /* Debug */,
				FFD8F0B82864943800296F6B /* Release */,
			);
			defaultConfigurationIsVisible = 0;
			defaultConfigurationName = Release;
		};
		FFD8F0B92864943800296F6B /* Build configuration list for PBXNativeTarget "SymbolRoller" */ = {
			isa = XCConfigurationList;
			buildConfigurations = (
				FFD8F0BA2864943800296F6B /* Debug */,
				FFD8F0BB2864943800296F6B /* Release */,
			);
			defaultConfigurationIsVisible = 0;
			defaultConfigurationName = Release;
		};
		FFD8F0BC2864943800296F6B /* Build configuration list for PBXNativeTarget "SymbolRollerTests" */ = {
			isa = XCConfigurationList;
			buildConfigurations = (
				FFD8F0BD2864943800296F6B /* Debug */,
				FFD8F0BE2864943800296F6B /* Release */,
			);
			defaultConfigurationIsVisible = 0;
			defaultConfigurationName = Release;
		};
		FFD8F0BF2864943800296F6B /* Build configuration list for PBXNativeTarget "SymbolRollerUITests" */ = {
			isa = XCConfigurationList;
			buildConfigurations = (
				FFD8F0C02864943800296F6B /* Debug */,
				FFD8F0C12864943800296F6B /* Release */,
			);
			defaultConfigurationIsVisible = 0;
			defaultConfigurationName = Release;
		};
/* End XCConfigurationList section */
	};
	rootObject = FFD8F0872864943700296F6B /* Project object */;
}
